
Microsoft Visual Studio Solution File, Format Version 12.00
# Visual Studio Version 16
VisualStudioVersion = 16.0.29318.209
MinimumVisualStudioVersion = 10.0.40219.1
Project("{FAE04EC0-301F-11D3-BF4B-00C04F79EFBC}") = "DVLDProject", "DVLDProject.csproj", "{98DEF86C-679D-4ADD-9CBA-1EA126F24B03}"
EndProject
Project("{FAE04EC0-301F-11D3-BF4B-00C04F79EFBC}") = "BussniessLayer", "..\ClassLibrary1\BussniessLayer.csproj", "{F06FC3F2-D6A2-4AD1-81DB-F769B686384F}"
EndProject
Project("{FAE04EC0-301F-11D3-BF4B-00C04F79EFBC}") = "DataAccessLayer", "..\DataAccessLayer\DataAccessLayer.csproj", "{DDB64892-1AEE-465B-B59F-A0CB067A09B2}"
EndProject
Global
	GlobalSection(SolutionConfigurationPlatforms) = preSolution
		Debug|Any CPU = Debug|Any CPU
		Release|Any CPU = Release|Any CPU
	EndGlobalSection
	GlobalSection(ProjectConfigurationPlatforms) = postSolution
		{98DEF86C-679D-4ADD-9CBA-1EA126F24B03}.Debug|Any CPU.ActiveCfg = Debug|Any CPU
		{98DEF86C-679D-4ADD-9CBA-1EA126F24B03}.Debug|Any CPU.Build.0 = Debug|Any CPU
		{98DEF86C-679D-4ADD-9CBA-1EA126F24B03}.Release|Any CPU.ActiveCfg = Release|Any CPU
		{98DEF86C-679D-4ADD-9CBA-1EA126F24B03}.Release|Any CPU.Build.0 = Release|Any CPU
		{F06FC3F2-D6A2-4AD1-81DB-F769B686384F}.Debug|Any CPU.ActiveCfg = Debug|Any CPU
		{F06FC3F2-D6A2-4AD1-81DB-F769B686384F}.Debug|Any CPU.Build.0 = Debug|Any CPU
		{F06FC3F2-D6A2-4AD1-81DB-F769B686384F}.Release|Any CPU.ActiveCfg = Release|Any CPU
		{F06FC3F2-D6A2-4AD1-81DB-F769B686384F}.Release|Any CPU.Build.0 = Release|Any CPU
		{DDB64892-1AEE-465B-B59F-A0CB067A09B2}.Debug|Any CPU.ActiveCfg = Debug|Any CPU
		{DDB64892-1AEE-465B-B59F-A0CB067A09B2}.Debug|Any CPU.Build.0 = Debug|Any CPU
		{DDB64892-1AEE-465B-B59F-A0CB067A09B2}.Release|Any CPU.ActiveCfg = Release|Any CPU
		{DDB64892-1AEE-465B-B59F-A0CB067A09B2}.Release|Any CPU.Build.0 = Release|Any CPU
	EndGlobalSection
	GlobalSection(SolutionProperties) = preSolution
		HideSolutionNode = FALSE
	EndGlobalSection
	GlobalSection(ExtensibilityGlobals) = postSolution
		SolutionGuid = {272FEAE2-5062-42B8-A0FF-24600BA29F91}
	EndGlobalSection
EndGlobal
